
Microsoft Visual Studio Solution File, Format Version 12.00
# Visual Studio Version 17
VisualStudioVersion = 17.1.32421.90
MinimumVisualStudioVersion = 10.0.40219.1
Project("{FAE04EC0-301F-11D3-BF4B-00C04F79EFBC}") = "DirectParser", "DirectParser\DirectParser.csproj", "{7DA61641-E969-4FDF-BC4F-66ECD5B49E4F}"
EndProject
Global
	GlobalSection(SolutionConfigurationPlatforms) = preSolution
		Debug|Any CPU = Debug|Any CPU
		Release|Any CPU = Release|Any CPU
	EndGlobalSection
	GlobalSection(ProjectConfigurationPlatforms) = postSolution
		{7DA61641-E969-4FDF-BC4F-66ECD5B49E4F}.Debug|Any CPU.ActiveCfg = Debug|Any CPU
		{7DA61641-E969-4FDF-BC4F-66ECD5B49E4F}.Debug|Any CPU.Build.0 = Debug|Any CPU
		{7DA61641-E969-4FDF-BC4F-66ECD5B49E4F}.Release|Any CPU.ActiveCfg = Release|Any CPU
		{7DA61641-E969-4FDF-BC4F-66ECD5B49E4F}.Release|Any CPU.Build.0 = Release|Any CPU
	EndGlobalSection
	GlobalSection(SolutionProperties) = preSolution
		HideSolutionNode = FALSE
	EndGlobalSection
	GlobalSection(ExtensibilityGlobals) = postSolution
		SolutionGuid = {15D9025D-78D1-4AD2-8926-A7C9B4D980BA}
	EndGlobalSection
EndGlobal
